<?xml version="1.0" encoding="utf-8"?>
<Project ToolsVersion="4.0" xmlns="http://schemas.microsoft.com/developer/msbuild/2003">
  <ItemGroup>
    <Filter Include="Source">
      <UniqueIdentifier>{c2b026b1-07ac-4437-af6d-db87974a2388}</UniqueIdentifier>
    </Filter>
    <Filter Include="Header">
      <UniqueIdentifier>{5acfb9aa-cd23-4d93-b02e-3d003a8b529f}</UniqueIdentifier>
    </Filter>
  </ItemGroup>
  <ItemGroup>
    <ClCompile Include="Source.cpp">
      <Filter>Source</Filter>
    </ClCompile>
    <ClCompile Include="Pixel.cpp">
      <Filter>Source</Filter>
    </ClCompile>
    <ClCompile Include="Camera.cpp">
      <Filter>Source</Filter>
    </ClCompile>
    <ClCompile Include="ImageProcessing.cpp">
      <Filter>Source</Filter>
    </ClCompile>
    <ClCompile Include="TestResult.cpp">
      <Filter>Source</Filter>
    </ClCompile>
    <ClCompile Include="arithmeticAction.cpp">
      <Filter>Source</Filter>
    </ClCompile>
    <ClCompile Include="activation.cpp">
      <Filter>Source</Filter>
    </ClCompile>
    <ClCompile Include="Mouse.cpp">
      <Filter>Source</Filter>
    </ClCompile>
    <ClCompile Include="Timer.cpp">
      <Filter>Source</Filter>
    </ClCompile>
  </ItemGroup>
  <ItemGroup>
    <ClInclude Include="Pixel.h">
      <Filter>Header</Filter>
    </ClInclude>
    <ClInclude Include="ImageProcessing.h">
      <Filter>Header</Filter>
    </ClInclude>
    <ClInclude Include="Camera.h">
      <Filter>Header</Filter>
    </ClInclude>
    <ClInclude Include="TestResult.h">
      <Filter>Header</Filter>
    </ClInclude>
    <ClInclude Include="arithmeticAction.h">
      <Filter>Header</Filter>
    </ClInclude>
    <ClInclude Include="activation.h">
      <Filter>Header</Filter>
    </ClInclude>
    <ClInclude Include="Mouse.h">
      <Filter>Header</Filter>
    </ClInclude>
    <ClInclude Include="Timer.h">
      <Filter>Header</Filter>
    </ClInclude>
  </ItemGroup>
</Project>